{
  "version": 4,
  "terraform_version": "0.14.7",
  "serial": 9,
  "lineage": "695efadf-3038-0d73-559f-245981bc283d",
  "outputs": {
    "app_runner_url": {
      "value": "zj9hp65ruc.ap-northeast-1.awsapprunner.com",
      "type": "string"
    },
    "aws_iam_instance_profile_instance_profile_arn": {
      "value": "",
      "type": "string"
    },
    "aws_iam_instance_profile_instance_profile_id": {
      "value": "",
      "type": "string"
    },
    "aws_iam_role_lambda_arn": {
      "value": "",
      "type": "string"
    },
    "aws_iam_role_vpc_flow_log_arn": {
      "value": "",
      "type": "string"
    },
    "aws_s3_lambda_bucket_arn": {
      "value": "",
      "type": "string"
    },
    "deployment_invoke_url": {
      "value": "",
      "type": "string"
    },
    "ecr_url": {
      "value": "",
      "type": "string"
    }
  },
  "resources": [
    {
      "mode": "data",
      "type": "terraform_remote_state",
      "name": "common",
      "provider": "provider[\"terraform.io/builtin/terraform\"]",
      "instances": [
        {
          "schema_version": 0,
          "attributes": {
            "backend": "local",
            "config": null,
            "defaults": null,
            "outputs": {
              "value": {
                "aws_iam_instance_profile_instance_profile_arn": "arn:aws:iam::380705665641:instance-profile/instance_profile",
                "aws_iam_instance_profile_instance_profile_id": "instance_profile",
                "aws_iam_role_lambda_arn": "arn:aws:iam::380705665641:role/lambda",
                "aws_iam_role_vpc_flow_log_arn": "arn:aws:iam::380705665641:role/flowlogsRole",
                "aws_s3_lambda_bucket_arn": "arn:aws:s3:::drecom-lambda",
                "deployment_invoke_url": ""
              },
              "type": [
                "object",
                {
                  "aws_iam_instance_profile_instance_profile_arn": "string",
                  "aws_iam_instance_profile_instance_profile_id": "string",
                  "aws_iam_role_lambda_arn": "string",
                  "aws_iam_role_vpc_flow_log_arn": "string",
                  "aws_s3_lambda_bucket_arn": "string",
                  "deployment_invoke_url": "string"
                }
              ]
            },
            "workspace": "common"
          },
          "sensitive_attributes": []
        }
      ]
    },
    {
      "mode": "data",
      "type": "terraform_remote_state",
      "name": "system",
      "provider": "provider[\"terraform.io/builtin/terraform\"]",
      "instances": [
        {
          "schema_version": 0,
          "attributes": {
            "backend": "local",
            "config": null,
            "defaults": null,
            "outputs": {
              "value": {
                "aws_iam_instance_profile_instance_profile_arn": "",
                "aws_iam_instance_profile_instance_profile_id": "",
                "aws_iam_role_lambda_arn": "",
                "aws_iam_role_vpc_flow_log_arn": "",
                "aws_s3_lambda_bucket_arn": "",
                "deployment_invoke_url": "https://maaqruxtnh.execute-api.ap-northeast-1.amazonaws.com/test",
                "ecr_url": "380705665641.dkr.ecr.ap-northeast-1.amazonaws.com/sample-app"
              },
              "type": [
                "object",
                {
                  "aws_iam_instance_profile_instance_profile_arn": "string",
                  "aws_iam_instance_profile_instance_profile_id": "string",
                  "aws_iam_role_lambda_arn": "string",
                  "aws_iam_role_vpc_flow_log_arn": "string",
                  "aws_s3_lambda_bucket_arn": "string",
                  "deployment_invoke_url": "string",
                  "ecr_url": "string"
                }
              ]
            },
            "workspace": "system"
          },
          "sensitive_attributes": []
        }
      ]
    },
    {
      "mode": "managed",
      "type": "aws_apprunner_service",
      "name": "sample-app",
      "provider": "provider[\"registry.terraform.io/hashicorp/aws\"]",
      "instances": [
        {
          "index_key": 0,
          "schema_version": 0,
          "attributes": {
            "arn": "arn:aws:apprunner:ap-northeast-1:380705665641:service/sample-app/7dcca56b167c4fe29cd1df3a1dd9d64a",
            "auto_scaling_configuration_arn": "arn:aws:apprunner:ap-northeast-1:380705665641:autoscalingconfiguration/DefaultConfiguration/1/00000000000000000000000000000001",
            "encryption_configuration": [],
            "health_check_configuration": [
              {
                "healthy_threshold": 1,
                "interval": 5,
                "path": "/",
                "protocol": "TCP",
                "timeout": 2,
                "unhealthy_threshold": 5
              }
            ],
            "id": "arn:aws:apprunner:ap-northeast-1:380705665641:service/sample-app/7dcca56b167c4fe29cd1df3a1dd9d64a",
            "instance_configuration": [
              {
                "cpu": "1024",
                "instance_role_arn": "",
                "memory": "2048"
              }
            ],
            "service_id": "7dcca56b167c4fe29cd1df3a1dd9d64a",
            "service_name": "sample-app",
            "service_url": "zj9hp65ruc.ap-northeast-1.awsapprunner.com",
            "source_configuration": [
              {
                "authentication_configuration": [
                  {
                    "access_role_arn": "arn:aws:iam::380705665641:role/app-runner",
                    "connection_arn": ""
                  }
                ],
                "auto_deployments_enabled": true,
                "code_repository": [],
                "image_repository": [
                  {
                    "image_configuration": [
                      {
                        "port": "8080",
                        "runtime_environment_variables": null,
                        "start_command": ""
                      }
                    ],
                    "image_identifier": "380705665641.dkr.ecr.ap-northeast-1.amazonaws.com/sample-app:latest",
                    "image_repository_type": "ECR"
                  }
                ]
              }
            ],
            "status": "RUNNING",
            "tags": {
              "Name": "sample-apprunner-service"
            },
            "tags_all": {
              "Name": "sample-apprunner-service"
            }
          },
          "sensitive_attributes": [],
          "private": "bnVsbA==",
          "dependencies": [
            "aws_iam_role.apprunner",
            "data.terraform_remote_state.system"
          ]
        }
      ]
    },
    {
      "mode": "managed",
      "type": "aws_iam_role",
      "name": "apprunner",
      "provider": "provider[\"registry.terraform.io/hashicorp/aws\"]",
      "instances": [
        {
          "index_key": 0,
          "schema_version": 0,
          "attributes": {
            "arn": "arn:aws:iam::380705665641:role/app-runner",
            "assume_role_policy": "{\"Version\":\"2012-10-17\",\"Statement\":[{\"Sid\":\"\",\"Effect\":\"Allow\",\"Principal\":{\"Service\":[\"tasks.apprunner.amazonaws.com\",\"build.apprunner.amazonaws.com\"]},\"Action\":\"sts:AssumeRole\"}]}",
            "create_date": "2021-06-02T07:35:22Z",
            "description": "",
            "force_detach_policies": false,
            "id": "app-runner",
            "inline_policy": [
              {
                "name": "",
                "policy": ""
              }
            ],
            "managed_policy_arns": [
              "arn:aws:iam::aws:policy/service-role/AWSAppRunnerServicePolicyForECRAccess"
            ],
            "max_session_duration": 3600,
            "name": "app-runner",
            "name_prefix": null,
            "path": "/",
            "permissions_boundary": null,
            "tags": {},
            "tags_all": {},
            "unique_id": "AROAVRI6TOJUWOHJIJRSD"
          },
          "sensitive_attributes": [],
          "private": "bnVsbA=="
        }
      ]
    },
    {
      "mode": "managed",
      "type": "aws_iam_role_policy_attachment",
      "name": "apprunner",
      "provider": "provider[\"registry.terraform.io/hashicorp/aws\"]",
      "instances": [
        {
          "index_key": 0,
          "schema_version": 0,
          "attributes": {
            "id": "app-runner-20210602073524627500000001",
            "policy_arn": "arn:aws:iam::aws:policy/service-role/AWSAppRunnerServicePolicyForECRAccess",
            "role": "app-runner"
          },
          "sensitive_attributes": [],
          "private": "bnVsbA==",
          "dependencies": [
            "aws_iam_role.apprunner"
          ]
        }
      ]
    }
  ]
}
