{
  "version": 4,
  "terraform_version": "0.14.7",
  "serial": 10,
  "lineage": "6862a395-bdc2-b4eb-25ee-7da699ff32b2",
  "outputs": {
    "aws_iam_instance_profile_instance_profile_arn": {
      "value": "arn:aws:iam::380705665641:instance-profile/instance_profile",
      "type": "string"
    },
    "aws_iam_instance_profile_instance_profile_id": {
      "value": "instance_profile",
      "type": "string"
    },
    "aws_iam_role_lambda_arn": {
      "value": "arn:aws:iam::380705665641:role/lambda",
      "type": "string"
    },
    "aws_iam_role_vpc_flow_log_arn": {
      "value": "arn:aws:iam::380705665641:role/flowlogsRole",
      "type": "string"
    },
    "deployment_invoke_url": {
      "value": "",
      "type": "string"
    }
  },
  "resources": [
    {
      "mode": "data",
      "type": "aws_availability_zones",
      "name": "available",
      "provider": "provider[\"registry.terraform.io/hashicorp/aws\"]",
      "instances": [
        {
          "schema_version": 0,
          "attributes": {
            "all_availability_zones": null,
            "exclude_names": null,
            "exclude_zone_ids": null,
            "filter": null,
            "group_names": [
              "ap-northeast-1"
            ],
            "id": "ap-northeast-1",
            "names": [
              "ap-northeast-1a",
              "ap-northeast-1c",
              "ap-northeast-1d"
            ],
            "state": null,
            "zone_ids": [
              "apne1-az4",
              "apne1-az1",
              "apne1-az2"
            ]
          },
          "sensitive_attributes": []
        }
      ]
    },
    {
      "mode": "data",
      "type": "terraform_remote_state",
      "name": "common",
      "provider": "provider[\"terraform.io/builtin/terraform\"]",
      "instances": [
        {
          "schema_version": 0,
          "attributes": {
            "backend": "local",
            "config": null,
            "defaults": null,
            "outputs": {
              "value": {},
              "type": [
                "object",
                {}
              ]
            },
            "workspace": "common"
          },
          "sensitive_attributes": []
        }
      ]
    },
    {
      "mode": "data",
      "type": "terraform_remote_state",
      "name": "system",
      "provider": "provider[\"terraform.io/builtin/terraform\"]",
      "instances": [
        {
          "schema_version": 0,
          "attributes": {
            "backend": "local",
            "config": null,
            "defaults": null,
            "outputs": {
              "value": {},
              "type": [
                "object",
                {}
              ]
            },
            "workspace": "system"
          },
          "sensitive_attributes": []
        }
      ]
    },
    {
      "mode": "managed",
      "type": "aws_iam_instance_profile",
      "name": "instance_profile",
      "provider": "provider[\"registry.terraform.io/hashicorp/aws\"]",
      "instances": [
        {
          "index_key": 0,
          "schema_version": 0,
          "attributes": {
            "arn": "arn:aws:iam::380705665641:instance-profile/instance_profile",
            "create_date": "2021-06-01T05:50:19Z",
            "id": "instance_profile",
            "name": "instance_profile",
            "name_prefix": null,
            "path": "/",
            "role": "instance_profile",
            "tags": null,
            "tags_all": {},
            "unique_id": "AIPAVRI6TOJUWG22BUYEL"
          },
          "sensitive_attributes": [],
          "private": "bnVsbA==",
          "dependencies": [
            "aws_iam_role.instance_profile"
          ]
        }
      ]
    },
    {
      "mode": "managed",
      "type": "aws_iam_role",
      "name": "instance_profile",
      "provider": "provider[\"registry.terraform.io/hashicorp/aws\"]",
      "instances": [
        {
          "index_key": 0,
          "schema_version": 0,
          "attributes": {
            "arn": "arn:aws:iam::380705665641:role/instance_profile",
            "assume_role_policy": "{\"Version\":\"2012-10-17\",\"Statement\":[{\"Sid\":\"\",\"Effect\":\"Allow\",\"Principal\":{\"Service\":\"ec2.amazonaws.com\"},\"Action\":\"sts:AssumeRole\"}]}",
            "create_date": "2021-06-01T05:50:15Z",
            "description": "",
            "force_detach_policies": false,
            "id": "instance_profile",
            "inline_policy": [
              {
                "name": "",
                "policy": ""
              }
            ],
            "managed_policy_arns": [],
            "max_session_duration": 3600,
            "name": "instance_profile",
            "name_prefix": null,
            "path": "/",
            "permissions_boundary": null,
            "tags": null,
            "tags_all": {},
            "unique_id": "AROAVRI6TOJU6BFSYPGMG"
          },
          "sensitive_attributes": [],
          "private": "bnVsbA=="
        }
      ]
    },
    {
      "mode": "managed",
      "type": "aws_iam_role",
      "name": "lambda",
      "provider": "provider[\"registry.terraform.io/hashicorp/aws\"]",
      "instances": [
        {
          "index_key": 0,
          "schema_version": 0,
          "attributes": {
            "arn": "arn:aws:iam::380705665641:role/lambda",
            "assume_role_policy": "{\"Version\":\"2012-10-17\",\"Statement\":[{\"Effect\":\"Allow\",\"Principal\":{\"Service\":[\"lambda.amazonaws.com\",\"autoscaling.amazonaws.com\"]},\"Action\":\"sts:AssumeRole\"}]}",
            "create_date": "2021-06-01T05:50:15Z",
            "description": "",
            "force_detach_policies": false,
            "id": "lambda",
            "inline_policy": [
              {
                "name": "",
                "policy": ""
              }
            ],
            "managed_policy_arns": [],
            "max_session_duration": 3600,
            "name": "lambda",
            "name_prefix": null,
            "path": "/",
            "permissions_boundary": null,
            "tags": null,
            "tags_all": {},
            "unique_id": "AROAVRI6TOJUYY5KFQGYR"
          },
          "sensitive_attributes": [],
          "private": "bnVsbA=="
        }
      ]
    },
    {
      "mode": "managed",
      "type": "aws_iam_role",
      "name": "vpc-flow-log",
      "provider": "provider[\"registry.terraform.io/hashicorp/aws\"]",
      "instances": [
        {
          "index_key": 0,
          "schema_version": 0,
          "attributes": {
            "arn": "arn:aws:iam::380705665641:role/flowlogsRole",
            "assume_role_policy": "{\"Version\":\"2012-10-17\",\"Statement\":[{\"Sid\":\"\",\"Effect\":\"Allow\",\"Principal\":{\"Service\":\"vpc-flow-logs.amazonaws.com\"},\"Action\":\"sts:AssumeRole\"}]}",
            "create_date": "2021-06-01T05:50:15Z",
            "description": "",
            "force_detach_policies": false,
            "id": "flowlogsRole",
            "inline_policy": [
              {
                "name": "",
                "policy": ""
              }
            ],
            "managed_policy_arns": [],
            "max_session_duration": 3600,
            "name": "flowlogsRole",
            "name_prefix": null,
            "path": "/",
            "permissions_boundary": null,
            "tags": null,
            "tags_all": {},
            "unique_id": "AROAVRI6TOJUSLMABTWK5"
          },
          "sensitive_attributes": [],
          "private": "bnVsbA=="
        }
      ]
    },
    {
      "mode": "managed",
      "type": "aws_iam_role_policy",
      "name": "instance_profile",
      "provider": "provider[\"registry.terraform.io/hashicorp/aws\"]",
      "instances": [
        {
          "index_key": 0,
          "schema_version": 0,
          "attributes": {
            "id": "instance_profile:instance_profile",
            "name": "instance_profile",
            "name_prefix": null,
            "policy": "{\n    \"Version\": \"2012-10-17\",\n    \"Statement\": [\n        {\n            \"Effect\": \"Deny\",\n            \"Action\": [\n                \"acm:*\",\n                \"directconnect:*\",\n                \"marketplacecommerceanalytics:*\",\n                \"route53:*\",\n                \"route53domains:*\",\n                \"support:*\",\n                \"iam:Add*\",\n                \"iam:Attach*\",\n                \"iam:Change*\",\n                \"iam:Create*\",\n                \"iam:Deactivate*\",\n                \"iam:Delete*\",\n                \"iam:Detach*\",\n                \"iam:Enable*\",\n                \"iam:Generate*\",\n                \"iam:Put*\",\n                \"iam:Remove*\",\n                \"iam:Reset*\",\n                \"iam:Resync*\",\n                \"iam:Set*\",\n                \"iam:Update*\",\n                \"iam:Upload*\",\n                \"ec2:AcceptVpc*\",\n                \"ec2:CreateVpc*\",\n                \"ec2:CreateSubnet*\",\n                \"ec2:CreateRoute*\",\n                \"ec2:DeleteVpc*\",\n                \"ec2:DeleteSubnet*\",\n                \"ec2:DeleteRoute*\",\n                \"ec2:Disassociate*\",\n                \"ec2:ModifyVpc*\",\n                \"ec2:ModifySubnet*\",\n                \"ec2:RejectVpc*\",\n                \"ec2:ReplaceRoute*\"\n            ],\n            \"Resource\": \"*\"\n        },\n        {\n            \"Effect\": \"Allow\",\n            \"Action\": \"*\",\n            \"Resource\": \"*\"\n        }\n    ]\n}\n",
            "role": "instance_profile"
          },
          "sensitive_attributes": [],
          "private": "bnVsbA==",
          "dependencies": [
            "aws_iam_role.instance_profile"
          ]
        }
      ]
    },
    {
      "mode": "managed",
      "type": "aws_iam_role_policy",
      "name": "lambda",
      "provider": "provider[\"registry.terraform.io/hashicorp/aws\"]",
      "instances": [
        {
          "index_key": 0,
          "schema_version": 0,
          "attributes": {
            "id": "lambda:lambda_additional",
            "name": "lambda_additional",
            "name_prefix": null,
            "policy": "{\n  \"Version\": \"2012-10-17\",\n  \"Statement\": [\n    {\n      \"Action\": [\n        \"acm:*\",\n        \"cloudwatch:*\",\n        \"lambda:*\",\n        \"route53:*\",\n        \"route53domains:*\",\n        \"cloudfront:*\",\n        \"autoscaling:*\",\n        \"s3:*\",\n        \"ec2:*\",\n        \"elasticloadbalancing:*\",\n        \"rds:Copy*\",\n        \"rds:Download*\",\n        \"rds:DeleteDB*Snapshot\",\n        \"ecr:*\",\n        \"ecs:*\",\n        \"codebuild:*\",\n        \"codepipeline:*\",\n        \"sns:*\",\n        \"servicequotas:*\",\n        \"logs:*\",\n        \"waf:*\",\n        \"waf-regional:*\",\n        \"health:*\",\n        \"pricing:*\",\n        \"support:*\"\n      ],\n      \"Effect\": \"Allow\",\n      \"Resource\": \"*\"\n    },\n    {\n      \"Effect\": \"Allow\",\n      \"Action\": [\n        \"ssm:GetParameter*\",\n        \"secretsmanager:GetSecretValue\",\n        \"kms:Decrypt\"\n      ],\n      \"Resource\": [\n          \"arn:aws:kms:ap-northeast-1:380705665641:alias/aws/ssm\"\n      ]\n    },\n    {\n      \"Action\": \"iam:PassRole\",\n      \"Effect\": \"Allow\",\n      \"Resource\": \"*\"\n    }\n  ]\n}\n",
            "role": "lambda"
          },
          "sensitive_attributes": [],
          "private": "bnVsbA==",
          "dependencies": [
            "aws_iam_role.lambda"
          ]
        }
      ]
    },
    {
      "mode": "managed",
      "type": "aws_iam_role_policy",
      "name": "vpc-flow-log",
      "provider": "provider[\"registry.terraform.io/hashicorp/aws\"]",
      "instances": [
        {
          "index_key": 0,
          "schema_version": 0,
          "attributes": {
            "id": "flowlogsRole:vpc-flow-log",
            "name": "vpc-flow-log",
            "name_prefix": null,
            "policy": "{\n  \"Statement\": [\n    {\n      \"Action\": [\n        \"logs:CreateLogGroup\",\n        \"logs:CreateLogStream\",\n        \"logs:DescribeLogGroups\",\n        \"logs:DescribeLogStreams\",\n        \"logs:PutLogEvents\"\n      ],\n      \"Effect\": \"Allow\",\n      \"Resource\": \"*\"\n    }\n  ]\n}\n",
            "role": "flowlogsRole"
          },
          "sensitive_attributes": [],
          "private": "bnVsbA==",
          "dependencies": [
            "aws_iam_role.vpc-flow-log"
          ]
        }
      ]
    },
    {
      "mode": "managed",
      "type": "aws_iam_role_policy_attachment",
      "name": "lambda_read_only",
      "provider": "provider[\"registry.terraform.io/hashicorp/aws\"]",
      "instances": [
        {
          "index_key": 0,
          "schema_version": 0,
          "attributes": {
            "id": "lambda-20210601055016604300000001",
            "policy_arn": "arn:aws:iam::aws:policy/ReadOnlyAccess",
            "role": "lambda"
          },
          "sensitive_attributes": [],
          "private": "bnVsbA==",
          "dependencies": [
            "aws_iam_role.lambda"
          ]
        }
      ]
    }
  ]
}
